
Microsoft Visual Studio Solution File, Format Version 12.00
# Visual Studio Version 17
VisualStudioVersion = 17.12.35527.113
MinimumVisualStudioVersion = 10.0.40219.1
Project("{FAE04EC0-301F-11D3-BF4B-00C04F79EFBC}") = "Cadastro", "ConsoleApp1\Cadastro.csproj", "{D0C03120-9080-4449-9E9E-ECD86756C2CD}"
EndProject
Global
	GlobalSection(SolutionConfigurationPlatforms) = preSolution
		Debug|Any CPU = Debug|Any CPU
		Release|Any CPU = Release|Any CPU
	EndGlobalSection
	GlobalSection(ProjectConfigurationPlatforms) = postSolution
		{D0C03120-9080-4449-9E9E-ECD86756C2CD}.Debug|Any CPU.ActiveCfg = Debug|Any CPU
		{D0C03120-9080-4449-9E9E-ECD86756C2CD}.Debug|Any CPU.Build.0 = Debug|Any CPU
		{D0C03120-9080-4449-9E9E-ECD86756C2CD}.Release|Any CPU.ActiveCfg = Release|Any CPU
		{D0C03120-9080-4449-9E9E-ECD86756C2CD}.Release|Any CPU.Build.0 = Release|Any CPU
	EndGlobalSection
	GlobalSection(SolutionProperties) = preSolution
		HideSolutionNode = FALSE
	EndGlobalSection
EndGlobal
